// !$*UTF8*$!
{
	archiveVersion = 1;
	classes = {
	};
	objectVersion = 48;
	objects = {

/* Begin PBXBuildFile section */
		294709861FC50F7D0016A695 /* View.xib in Resources */ = {isa = PBXBuildFile; fileRef = 294709851FC50F7D0016A695 /* View.xib */; };
		2988259D1FC296DE00779451 /* AppDelegate.m in Sources */ = {isa = PBXBuildFile; fileRef = 2988259C1FC296DE00779451 /* AppDelegate.m */; };
		298825A01FC296DE00779451 /* ViewController.m in Sources */ = {isa = PBXBuildFile; fileRef = 2988259F1FC296DE00779451 /* ViewController.m */; };
		298825A31FC296DE00779451 /* Main.storyboard in Resources */ = {isa = PBXBuildFile; fileRef = 298825A11FC296DE00779451 /* Main.storyboard */; };
		298825A51FC296DE00779451 /* Assets.xcassets in Resources */ = {isa = PBXBuildFile; fileRef = 298825A41FC296DE00779451 /* Assets.xcassets */; };
		298825A81FC296DE00779451 /* LaunchScreen.storyboard in Resources */ = {isa = PBXBuildFile; fileRef = 298825A61FC296DE00779451 /* LaunchScreen.storyboard */; };
		298825AB1FC296DE00779451 /* main.m in Sources */ = {isa = PBXBuildFile; fileRef = 298825AA1FC296DE00779451 /* main.m */; };
		298825B51FC296DE00779451 /* TestTests.m in Sources */ = {isa = PBXBuildFile; fileRef = 298825B41FC296DE00779451 /* TestTests.m */; };
		298825C01FC296DF00779451 /* TestUITests.m in Sources */ = {isa = PBXBuildFile; fileRef = 298825BF1FC296DF00779451 /* TestUITests.m */; };
		298825CF1FC296F700779451 /* AViewController.swift in Sources */ = {isa = PBXBuildFile; fileRef = 298825CE1FC296F700779451 /* AViewController.swift */; };
/* End PBXBuildFile section */

/* Begin PBXContainerItemProxy section */
		298825B11FC296DE00779451 /* PBXContainerItemProxy */ = {
			isa = PBXContainerItemProxy;
			containerPortal = 298825901FC296DE00779451 /* Project object */;
			proxyType = 1;
			remoteGlobalIDString = 298825971FC296DE00779451;
			remoteInfo = Test;
		};
		298825BC1FC296DF00779451 /* PBXContainerItemProxy */ = {
			isa = PBXContainerItemProxy;
			containerPortal = 298825901FC296DE00779451 /* Project object */;
			proxyType = 1;
			remoteGlobalIDString = 298825971FC296DE00779451;
			remoteInfo = Test;
		};
/* End PBXContainerItemProxy section */

/* Begin PBXFileReference section */
		294709851FC50F7D0016A695 /* View.xib */ = {isa = PBXFileReference; lastKnownFileType = file.xib; path = View.xib; sourceTree = "<group>"; };
		298825981FC296DE00779451 /* Test.app */ = {isa = PBXFileReference; explicitFileType = wrapper.application; includeInIndex = 0; path = Test.app; sourceTree = BUILT_PRODUCTS_DIR; };
		2988259B1FC296DE00779451 /* AppDelegate.h */ = {isa = PBXFileReference; lastKnownFileType = sourcecode.c.h; path = AppDelegate.h; sourceTree = "<group>"; };
		2988259C1FC296DE00779451 /* AppDelegate.m */ = {isa = PBXFileReference; lastKnownFileType = sourcecode.c.objc; path = AppDelegate.m; sourceTree = "<group>"; };
		2988259E1FC296DE00779451 /* ViewController.h */ = {isa = PBXFileReference; lastKnownFileType = sourcecode.c.h; path = ViewController.h; sourceTree = "<group>"; };
		2988259F1FC296DE00779451 /* ViewController.m */ = {isa = PBXFileReference; lastKnownFileType = sourcecode.c.objc; path = ViewController.m; sourceTree = "<group>"; };
		298825A21FC296DE00779451 /* Base */ = {isa = PBXFileReference; lastKnownFileType = file.storyboard; name = Base; path = Base.lproj/Main.storyboard; sourceTree = "<group>"; };
		298825A41FC296DE00779451 /* Assets.xcassets */ = {isa = PBXFileReference; lastKnownFileType = folder.assetcatalog; path = Assets.xcassets; sourceTree = "<group>"; };
		298825A71FC296DE00779451 /* Base */ = {isa = PBXFileReference; lastKnownFileType = file.storyboard; name = Base; path = Base.lproj/LaunchScreen.storyboard; sourceTree = "<group>"; };
		298825A91FC296DE00779451 /* Info.plist */ = {isa = PBXFileReference; lastKnownFileType = text.plist.xml; path = Info.plist; sourceTree = "<group>"; };
		298825AA1FC296DE00779451 /* main.m */ = {isa = PBXFileReference; lastKnownFileType = sourcecode.c.objc; path = main.m; sourceTree = "<group>"; };
		298825B01FC296DE00779451 /* TestTests.xctest */ = {isa = PBXFileReference; explicitFileType = wrapper.cfbundle; includeInIndex = 0; path = TestTests.xctest; sourceTree = BUILT_PRODUCTS_DIR; };
		298825B41FC296DE00779451 /* TestTests.m */ = {isa = PBXFileReference; lastKnownFileType = sourcecode.c.objc; path = TestTests.m; sourceTree = "<group>"; };
		298825B61FC296DE00779451 /* Info.plist */ = {isa = PBXFileReference; lastKnownFileType = text.plist.xml; path = Info.plist; sourceTree = "<group>"; };
		298825BB1FC296DF00779451 /* TestUITests.xctest */ = {isa = PBXFileReference; explicitFileType = wrapper.cfbundle; includeInIndex = 0; path = TestUITests.xctest; sourceTree = BUILT_PRODUCTS_DIR; };
		298825BF1FC296DF00779451 /* TestUITests.m */ = {isa = PBXFileReference; lastKnownFileType = sourcecode.c.objc; path = TestUITests.m; sourceTree = "<group>"; };
		298825C11FC296DF00779451 /* Info.plist */ = {isa = PBXFileReference; lastKnownFileType = text.plist.xml; path = Info.plist; sourceTree = "<group>"; };
		298825CD1FC296F700779451 /* Test-Bridging-Header.h */ = {isa = PBXFileReference; lastKnownFileType = sourcecode.c.h; path = "Test-Bridging-Header.h"; sourceTree = "<group>"; };
		298825CE1FC296F700779451 /* AViewController.swift */ = {isa = PBXFileReference; lastKnownFileType = sourcecode.swift; path = AViewController.swift; sourceTree = "<group>"; };
/* End PBXFileReference section */

/* Begin PBXFrameworksBuildPhase section */
		298825951FC296DE00779451 /* Frameworks */ = {
			isa = PBXFrameworksBuildPhase;
			buildActionMask = 2147483647;
			files = (
			);
			runOnlyForDeploymentPostprocessing = 0;
		};
		298825AD1FC296DE00779451 /* Frameworks */ = {
			isa = PBXFrameworksBuildPhase;
			buildActionMask = 2147483647;
			files = (
			);
			runOnlyForDeploymentPostprocessing = 0;
		};
		298825B81FC296DF00779451 /* Frameworks */ = {
			isa = PBXFrameworksBuildPhase;
			buildActionMask = 2147483647;
			files = (
			);
			runOnlyForDeploymentPostprocessing = 0;
		};
/* End PBXFrameworksBuildPhase section */

/* Begin PBXGroup section */
		2988258F1FC296DE00779451 = {
			isa = PBXGroup;
			children = (
				2988259A1FC296DE00779451 /* Test */,
				298825B31FC296DE00779451 /* TestTests */,
				298825BE1FC296DF00779451 /* TestUITests */,
				298825991FC296DE00779451 /* Products */,
			);
			sourceTree = "<group>";
		};
		298825991FC296DE00779451 /* Products */ = {
			isa = PBXGroup;
			children = (
				298825981FC296DE00779451 /* Test.app */,
				298825B01FC296DE00779451 /* TestTests.xctest */,
				298825BB1FC296DF00779451 /* TestUITests.xctest */,
			);
			name = Products;
			sourceTree = "<group>";
		};
		2988259A1FC296DE00779451 /* Test */ = {
			isa = PBXGroup;
			children = (
				2988259B1FC296DE00779451 /* AppDelegate.h */,
				2988259C1FC296DE00779451 /* AppDelegate.m */,
				2988259E1FC296DE00779451 /* ViewController.h */,
				2988259F1FC296DE00779451 /* ViewController.m */,
				298825A11FC296DE00779451 /* Main.storyboard */,
				298825A41FC296DE00779451 /* Assets.xcassets */,
				298825A61FC296DE00779451 /* LaunchScreen.storyboard */,
				298825A91FC296DE00779451 /* Info.plist */,
				298825AA1FC296DE00779451 /* main.m */,
				298825CE1FC296F700779451 /* AViewController.swift */,
				298825CD1FC296F700779451 /* Test-Bridging-Header.h */,
				294709851FC50F7D0016A695 /* View.xib */,
			);
			path = Test;
			sourceTree = "<group>";
		};
		298825B31FC296DE00779451 /* TestTests */ = {
			isa = PBXGroup;
			children = (
				298825B41FC296DE00779451 /* TestTests.m */,
				298825B61FC296DE00779451 /* Info.plist */,
			);
			path = TestTests;
			sourceTree = "<group>";
		};
		298825BE1FC296DF00779451 /* TestUITests */ = {
			isa = PBXGroup;
			children = (
				298825BF1FC296DF00779451 /* TestUITests.m */,
				298825C11FC296DF00779451 /* Info.plist */,
			);
			path = TestUITests;
			sourceTree = "<group>";
		};
/* End PBXGroup section */

/* Begin PBXNativeTarget section */
		298825971FC296DE00779451 /* Test */ = {
			isa = PBXNativeTarget;
			buildConfigurationList = 298825C41FC296DF00779451 /* Build configuration list for PBXNativeTarget "Test" */;
			buildPhases = (
				298825941FC296DE00779451 /* Sources */,
				298825951FC296DE00779451 /* Frameworks */,
				298825961FC296DE00779451 /* Resources */,
			);
			buildRules = (
			);
			dependencies = (
			);
			name = Test;
			productName = Test;
			productReference = 298825981FC296DE00779451 /* Test.app */;
			productType = "com.apple.product-type.application";
		};
		298825AF1FC296DE00779451 /* TestTests */ = {
			isa = PBXNativeTarget;
			buildConfigurationList = 298825C71FC296DF00779451 /* Build configuration list for PBXNativeTarget "TestTests" */;
			buildPhases = (
				298825AC1FC296DE00779451 /* Sources */,
				298825AD1FC296DE00779451 /* Frameworks */,
				298825AE1FC296DE00779451 /* Resources */,
			);
			buildRules = (
			);
			dependencies = (
				298825B21FC296DE00779451 /* PBXTargetDependency */,
			);
			name = TestTests;
			productName = TestTests;
			productReference = 298825B01FC296DE00779451 /* TestTests.xctest */;
			productType = "com.apple.product-type.bundle.unit-test";
		};
		298825BA1FC296DF00779451 /* TestUITests */ = {
			isa = PBXNativeTarget;
			buildConfigurationList = 298825CA1FC296DF00779451 /* Build configuration list for PBXNativeTarget "TestUITests" */;
			buildPhases = (
				298825B71FC296DF00779451 /* Sources */,
				298825B81FC296DF00779451 /* Frameworks */,
				298825B91FC296DF00779451 /* Resources */,
			);
			buildRules = (
			);
			dependencies = (
				298825BD1FC296DF00779451 /* PBXTargetDependency */,
			);
			name = TestUITests;
			productName = TestUITests;
			productReference = 298825BB1FC296DF00779451 /* TestUITests.xctest */;
			productType = "com.apple.product-type.bundle.ui-testing";
		};
/* End PBXNativeTarget section */

/* Begin PBXProject section */
		298825901FC296DE00779451 /* Project object */ = {
			isa = PBXProject;
			attributes = {
				LastUpgradeCheck = 0900;
				ORGANIZATIONNAME = "浙江艾卡资产管理有限公司";
				TargetAttributes = {
					298825971FC296DE00779451 = {
						CreatedOnToolsVersion = 9.0.1;
						LastSwiftMigration = 0900;
						ProvisioningStyle = Automatic;
					};
					298825AF1FC296DE00779451 = {
						CreatedOnToolsVersion = 9.0.1;
						ProvisioningStyle = Automatic;
						TestTargetID = 298825971FC296DE00779451;
					};
					298825BA1FC296DF00779451 = {
						CreatedOnToolsVersion = 9.0.1;
						ProvisioningStyle = Automatic;
						TestTargetID = 298825971FC296DE00779451;
					};
				};
			};
			buildConfigurationList = 298825931FC296DE00779451 /* Build configuration list for PBXProject "Test" */;
			compatibilityVersion = "Xcode 8.0";
			developmentRegion = en;
			hasScannedForEncodings = 0;
			knownRegions = (
				en,
				Base,
			);
			mainGroup = 2988258F1FC296DE00779451;
			productRefGroup = 298825991FC296DE00779451 /* Products */;
			projectDirPath = "";
			projectRoot = "";
			targets = (
				298825971FC296DE00779451 /* Test */,
				298825AF1FC296DE00779451 /* TestTests */,
				298825BA1FC296DF00779451 /* TestUITests */,
			);
		};
/* End PBXProject section */

/* Begin PBXResourcesBuildPhase section */
		298825961FC296DE00779451 /* Resources */ = {
			isa = PBXResourcesBuildPhase;
			buildActionMask = 2147483647;
			files = (
				294709861FC50F7D0016A695 /* View.xib in Resources */,
				298825A81FC296DE00779451 /* LaunchScreen.storyboard in Resources */,
				298825A51FC296DE00779451 /* Assets.xcassets in Resources */,
				298825A31FC296DE00779451 /* Main.storyboard in Resources */,
			);
			runOnlyForDeploymentPostprocessing = 0;
		};
		298825AE1FC296DE00779451 /* Resources */ = {
			isa = PBXResourcesBuildPhase;
			buildActionMask = 2147483647;
			files = (
			);
			runOnlyForDeploymentPostprocessing = 0;
		};
		298825B91FC296DF00779451 /* Resources */ = {
			isa = PBXResourcesBuildPhase;
			buildActionMask = 2147483647;
			files = (
			);
			runOnlyForDeploymentPostprocessing = 0;
		};
/* End PBXResourcesBuildPhase section */

/* Begin PBXSourcesBuildPhase section */
		298825941FC296DE00779451 /* Sources */ = {
			isa = PBXSourcesBuildPhase;
			buildActionMask = 2147483647;
			files = (
				298825CF1FC296F700779451 /* AViewController.swift in Sources */,
				298825A01FC296DE00779451 /* ViewController.m in Sources */,
				298825AB1FC296DE00779451 /* main.m in Sources */,
				2988259D1FC296DE00779451 /* AppDelegate.m in Sources */,
			);
			runOnlyForDeploymentPostprocessing = 0;
		};
		298825AC1FC296DE00779451 /* Sources */ = {
			isa = PBXSourcesBuildPhase;
			buildActionMask = 2147483647;
			files = (
				298825B51FC296DE00779451 /* TestTests.m in Sources */,
			);
			runOnlyForDeploymentPostprocessing = 0;
		};
		298825B71FC296DF00779451 /* Sources */ = {
			isa = PBXSourcesBuildPhase;
			buildActionMask = 2147483647;
			files = (
				298825C01FC296DF00779451 /* TestUITests.m in Sources */,
			);
			runOnlyForDeploymentPostprocessing = 0;
		};
/* End PBXSourcesBuildPhase section */

/* Begin PBXTargetDependency section */
		298825B21FC296DE00779451 /* PBXTargetDependency */ = {
			isa = PBXTargetDependency;
			target = 298825971FC296DE00779451 /* Test */;
			targetProxy = 298825B11FC296DE00779451 /* PBXContainerItemProxy */;
		};
		298825BD1FC296DF00779451 /* PBXTargetDependency */ = {
			isa = PBXTargetDependency;
			target = 298825971FC296DE00779451 /* Test */;
			targetProxy = 298825BC1FC296DF00779451 /* PBXContainerItemProxy */;
		};
/* End PBXTargetDependency section */

/* Begin PBXVariantGroup section */
		298825A11FC296DE00779451 /* Main.storyboard */ = {
			isa = PBXVariantGroup;
			children = (
				298825A21FC296DE00779451 /* Base */,
			);
			name = Main.storyboard;
			sourceTree = "<group>";
		};
		298825A61FC296DE00779451 /* LaunchScreen.storyboard */ = {
			isa = PBXVariantGroup;
			children = (
				298825A71FC296DE00779451 /* Base */,
			);
			name = LaunchScreen.storyboard;
			sourceTree = "<group>";
		};
/* End PBXVariantGroup section */

/* Begin XCBuildConfiguration section */
		298825C21FC296DF00779451 /* Debug */ = {
			isa = XCBuildConfiguration;
			buildSettings = {
				ALWAYS_SEARCH_USER_PATHS = NO;
				CLANG_ANALYZER_NONNULL = YES;
				CLANG_ANALYZER_NUMBER_OBJECT_CONVERSION = YES_AGGRESSIVE;
				CLANG_CXX_LANGUAGE_STANDARD = "gnu++14";
				CLANG_CXX_LIBRARY = "libc++";
				CLANG_ENABLE_MODULES = YES;
				CLANG_ENABLE_OBJC_ARC = YES;
				CLANG_WARN_BLOCK_CAPTURE_AUTORELEASING = YES;
				CLANG_WARN_BOOL_CONVERSION = YES;
				CLANG_WARN_COMMA = YES;
				CLANG_WARN_CONSTANT_CONVERSION = YES;
				CLANG_WARN_DIRECT_OBJC_ISA_USAGE = YES_ERROR;
				CLANG_WARN_DOCUMENTATION_COMMENTS = YES;
				CLANG_WARN_EMPTY_BODY = YES;
				CLANG_WARN_ENUM_CONVERSION = YES;
				CLANG_WARN_INFINITE_RECURSION = YES;
				CLANG_WARN_INT_CONVERSION = YES;
				CLANG_WARN_NON_LITERAL_NULL_CONVERSION = YES;
				CLANG_WARN_OBJC_LITERAL_CONVERSION = YES;
				CLANG_WARN_OBJC_ROOT_CLASS = YES_ERROR;
				CLANG_WARN_RANGE_LOOP_ANALYSIS = YES;
				CLANG_WARN_STRICT_PROTOTYPES = YES;
				CLANG_WARN_SUSPICIOUS_MOVE = YES;
				CLANG_WARN_UNGUARDED_AVAILABILITY = YES_AGGRESSIVE;
				CLANG_WARN_UNREACHABLE_CODE = YES;
				CLANG_WARN__DUPLICATE_METHOD_MATCH = YES;
				CODE_SIGN_IDENTITY = "iPhone Developer";
				COPY_PHASE_STRIP = NO;
				DEBUG_INFORMATION_FORMAT = dwarf;
				ENABLE_STRICT_OBJC_MSGSEND = YES;
				ENABLE_TESTABILITY = YES;
				GCC_C_LANGUAGE_STANDARD = gnu11;
				GCC_DYNAMIC_NO_PIC = NO;
				GCC_NO_COMMON_BLOCKS = YES;
				GCC_OPTIMIZATION_LEVEL = 0;
				GCC_PREPROCESSOR_DEFINITIONS = (
					"DEBUG=1",
					"$(inherited)",
				);
				GCC_WARN_64_TO_32_BIT_CONVERSION = YES;
				GCC_WARN_ABOUT_RETURN_TYPE = YES_ERROR;
				GCC_WARN_UNDECLARED_SELECTOR = YES;
				GCC_WARN_UNINITIALIZED_AUTOS = YES_AGGRESSIVE;
				GCC_WARN_UNUSED_FUNCTION = YES;
				GCC_WARN_UNUSED_VARIABLE = YES;
				IPHONEOS_DEPLOYMENT_TARGET = 11.0;
				MTL_ENABLE_DEBUG_INFO = YES;
				ONLY_ACTIVE_ARCH = YES;
				SDKROOT = iphoneos;
			};
			name = Debug;
		};
		298825C31FC296DF00779451 /* Release */ = {
			isa = XCBuildConfiguration;
			buildSettings = {
				ALWAYS_SEARCH_USER_PATHS = NO;
				CLANG_ANALYZER_NONNULL = YES;
				CLANG_ANALYZER_NUMBER_OBJECT_CONVERSION = YES_AGGRESSIVE;
				CLANG_CXX_LANGUAGE_STANDARD = "gnu++14";
				CLANG_CXX_LIBRARY = "libc++";
				CLANG_ENABLE_MODULES = YES;
				CLANG_ENABLE_OBJC_ARC = YES;
				CLANG_WARN_BLOCK_CAPTURE_AUTORELEASING = YES;
				CLANG_WARN_BOOL_CONVERSION = YES;
				CLANG_WARN_COMMA = YES;
				CLANG_WARN_CONSTANT_CONVERSION = YES;
				CLANG_WARN_DIRECT_OBJC_ISA_USAGE = YES_ERROR;
				CLANG_WARN_DOCUMENTATION_COMMENTS = YES;
				CLANG_WARN_EMPTY_BODY = YES;
				CLANG_WARN_ENUM_CONVERSION = YES;
				CLANG_WARN_INFINITE_RECURSION = YES;
				CLANG_WARN_INT_CONVERSION = YES;
				CLANG_WARN_NON_LITERAL_NULL_CONVERSION = YES;
				CLANG_WARN_OBJC_LITERAL_CONVERSION = YES;
				CLANG_WARN_OBJC_ROOT_CLASS = YES_ERROR;
				CLANG_WARN_RANGE_LOOP_ANALYSIS = YES;
				CLANG_WARN_STRICT_PROTOTYPES = YES;
				CLANG_WARN_SUSPICIOUS_MOVE = YES;
				CLANG_WARN_UNGUARDED_AVAILABILITY = YES_AGGRESSIVE;
				CLANG_WARN_UNREACHABLE_CODE = YES;
				CLANG_WARN__DUPLICATE_METHOD_MATCH = YES;
				CODE_SIGN_IDENTITY = "iPhone Developer";
				COPY_PHASE_STRIP = NO;
				DEBUG_INFORMATION_FORMAT = "dwarf-with-dsym";
				ENABLE_NS_ASSERTIONS = NO;
				ENABLE_STRICT_OBJC_MSGSEND = YES;
				GCC_C_LANGUAGE_STANDARD = gnu11;
				GCC_NO_COMMON_BLOCKS = YES;
				GCC_WARN_64_TO_32_BIT_CONVERSION = YES;
				GCC_WARN_ABOUT_RETURN_TYPE = YES_ERROR;
				GCC_WARN_UNDECLARED_SELECTOR = YES;
				GCC_WARN_UNINITIALIZED_AUTOS = YES_AGGRESSIVE;
				GCC_WARN_UNUSED_FUNCTION = YES;
				GCC_WARN_UNUSED_VARIABLE = YES;
				IPHONEOS_DEPLOYMENT_TARGET = 11.0;
				MTL_ENABLE_DEBUG_INFO = NO;
				SDKROOT = iphoneos;
				VALIDATE_PRODUCT = YES;
			};
			name = Release;
		};
		298825C51FC296DF00779451 /* Debug */ = {
			isa = XCBuildConfiguration;
			buildSettings = {
				ASSETCATALOG_COMPILER_APPICON_NAME = AppIcon;
				CLANG_ENABLE_MODULES = YES;
				CODE_SIGN_STYLE = Automatic;
				DEFINES_MODULE = YES;
				DEVELOPMENT_TEAM = W95LSXPBS2;
				INFOPLIST_FILE = Test/Info.plist;
				LD_RUNPATH_SEARCH_PATHS = "$(inherited) @executable_path/Frameworks";
				PRODUCT_BUNDLE_IDENTIFIER = com.aika.skj.Test;
				PRODUCT_NAME = "$(TARGET_NAME)";
				SWIFT_OBJC_BRIDGING_HEADER = "Test/Test-Bridging-Header.h";
				SWIFT_OPTIMIZATION_LEVEL = "-Onone";
				SWIFT_VERSION = 3.0;
				TARGETED_DEVICE_FAMILY = "1,2";
			};
			name = Debug;
		};
		298825C61FC296DF00779451 /* Release */ = {
			isa = XCBuildConfiguration;
			buildSettings = {
				ASSETCATALOG_COMPILER_APPICON_NAME = AppIcon;
				CLANG_ENABLE_MODULES = YES;
				CODE_SIGN_STYLE = Automatic;
				DEFINES_MODULE = YES;
				DEVELOPMENT_TEAM = W95LSXPBS2;
				INFOPLIST_FILE = Test/Info.plist;
				LD_RUNPATH_SEARCH_PATHS = "$(inherited) @executable_path/Frameworks";
				PRODUCT_BUNDLE_IDENTIFIER = com.aika.skj.Test;
				PRODUCT_NAME = "$(TARGET_NAME)";
				SWIFT_OBJC_BRIDGING_HEADER = "Test/Test-Bridging-Header.h";
				SWIFT_VERSION = 3.0;
				TARGETED_DEVICE_FAMILY = "1,2";
			};
			name = Release;
		};
		298825C81FC296DF00779451 /* Debug */ = {
			isa = XCBuildConfiguration;
			buildSettings = {
				ALWAYS_EMBED_SWIFT_STANDARD_LIBRARIES = YES;
				BUNDLE_LOADER = "$(TEST_HOST)";
				CODE_SIGN_STYLE = Automatic;
				DEVELOPMENT_TEAM = W95LSXPBS2;
				INFOPLIST_FILE = TestTests/Info.plist;
				LD_RUNPATH_SEARCH_PATHS = "$(inherited) @executable_path/Frameworks @loader_path/Frameworks";
				PRODUCT_BUNDLE_IDENTIFIER = com.aika.skj.TestTests;
				PRODUCT_NAME = "$(TARGET_NAME)";
				TARGETED_DEVICE_FAMILY = "1,2";
				TEST_HOST = "$(BUILT_PRODUCTS_DIR)/Test.app/Test";
			};
			name = Debug;
		};
		298825C91FC296DF00779451 /* Release */ = {
			isa = XCBuildConfiguration;
			buildSettings = {
				ALWAYS_EMBED_SWIFT_STANDARD_LIBRARIES = YES;
				BUNDLE_LOADER = "$(TEST_HOST)";
				CODE_SIGN_STYLE = Automatic;
				DEVELOPMENT_TEAM = W95LSXPBS2;
				INFOPLIST_FILE = TestTests/Info.plist;
				LD_RUNPATH_SEARCH_PATHS = "$(inherited) @executable_path/Frameworks @loader_path/Frameworks";
				PRODUCT_BUNDLE_IDENTIFIER = com.aika.skj.TestTests;
				PRODUCT_NAME = "$(TARGET_NAME)";
				TARGETED_DEVICE_FAMILY = "1,2";
				TEST_HOST = "$(BUILT_PRODUCTS_DIR)/Test.app/Test";
			};
			name = Release;
		};
		298825CB1FC296DF00779451 /* Debug */ = {
			isa = XCBuildConfiguration;
			buildSettings = {
				ALWAYS_EMBED_SWIFT_STANDARD_LIBRARIES = YES;
				CODE_SIGN_STYLE = Automatic;
				DEVELOPMENT_TEAM = W95LSXPBS2;
				INFOPLIST_FILE = TestUITests/Info.plist;
				LD_RUNPATH_SEARCH_PATHS = "$(inherited) @executable_path/Frameworks @loader_path/Frameworks";
				PRODUCT_BUNDLE_IDENTIFIER = com.aika.skj.TestUITests;
				PRODUCT_NAME = "$(TARGET_NAME)";
				TARGETED_DEVICE_FAMILY = "1,2";
				TEST_TARGET_NAME = Test;
			};
			name = Debug;
		};
		298825CC1FC296DF00779451 /* Release */ = {
			isa = XCBuildConfiguration;
			buildSettings = {
				ALWAYS_EMBED_SWIFT_STANDARD_LIBRARIES = YES;
				CODE_SIGN_STYLE = Automatic;
				DEVELOPMENT_TEAM = W95LSXPBS2;
				INFOPLIST_FILE = TestUITests/Info.plist;
				LD_RUNPATH_SEARCH_PATHS = "$(inherited) @executable_path/Frameworks @loader_path/Frameworks";
				PRODUCT_BUNDLE_IDENTIFIER = com.aika.skj.TestUITests;
				PRODUCT_NAME = "$(TARGET_NAME)";
				TARGETED_DEVICE_FAMILY = "1,2";
				TEST_TARGET_NAME = Test;
			};
			name = Release;
		};
/* End XCBuildConfiguration section */

/* Begin XCConfigurationList section */
		298825931FC296DE00779451 /* Build configuration list for PBXProject "Test" */ = {
			isa = XCConfigurationList;
			buildConfigurations = (
				298825C21FC296DF00779451 /* Debug */,
				298825C31FC296DF00779451 /* Release */,
			);
			defaultConfigurationIsVisible = 0;
			defaultConfigurationName = Release;
		};
		298825C41FC296DF00779451 /* Build configuration list for PBXNativeTarget "Test" */ = {
			isa = XCConfigurationList;
			buildConfigurations = (
				298825C51FC296DF00779451 /* Debug */,
				298825C61FC296DF00779451 /* Release */,
			);
			defaultConfigurationIsVisible = 0;
			defaultConfigurationName = Release;
		};
		298825C71FC296DF00779451 /* Build configuration list for PBXNativeTarget "TestTests" */ = {
			isa = XCConfigurationList;
			buildConfigurations = (
				298825C81FC296DF00779451 /* Debug */,
				298825C91FC296DF00779451 /* Release */,
			);
			defaultConfigurationIsVisible = 0;
			defaultConfigurationName = Release;
		};
		298825CA1FC296DF00779451 /* Build configuration list for PBXNativeTarget "TestUITests" */ = {
			isa = XCConfigurationList;
			buildConfigurations = (
				298825CB1FC296DF00779451 /* Debug */,
				298825CC1FC296DF00779451 /* Release */,
			);
			defaultConfigurationIsVisible = 0;
			defaultConfigurationName = Release;
		};
/* End XCConfigurationList section */
	};
	rootObject = 298825901FC296DE00779451 /* Project object */;
}
